
Microsoft Visual Studio Solution File, Format Version 12.00
# Visual Studio Version 17
VisualStudioVersion = 17.12.35728.132 d17.12
MinimumVisualStudioVersion = 10.0.40219.1
Project("{FAE04EC0-301F-11D3-BF4B-00C04F79EFBC}") = "App.DataAccess", "App.DataAccess\App.DataAccess.csproj", "{674B5964-9602-4B1A-8543-7EE26B142E2A}"
EndProject
Project("{FAE04EC0-301F-11D3-BF4B-00C04F79EFBC}") = "App.Business", "App.Business\App.Business.csproj", "{21AF6EBE-7510-4F8F-B815-FE57A87AC8D9}"
EndProject
Project("{FAE04EC0-301F-11D3-BF4B-00C04F79EFBC}") = "App.Core", "App.Core\App.Core.csproj", "{814E5E26-3F07-48C4-81A7-20ED356D9E59}"
EndProject
Project("{FAE04EC0-301F-11D3-BF4B-00C04F79EFBC}") = "App.WebApi", "App.WebApi\App.WebApi.csproj", "{7304C2C5-708D-4B37-A714-DE7D10744B5C}"
EndProject
Project("{FAE04EC0-301F-11D3-BF4B-00C04F79EFBC}") = "App.ReactUi.Server", "App.ReactUi\App.ReactUi.Server\App.ReactUi.Server.csproj", "{44F538DA-8E11-47ED-BEF7-84F9751ABAF6}"
EndProject
Project("{54A90642-561A-4BB1-A94E-469ADEE60C69}") = "app.reactui.client", "App.ReactUi\app.reactui.client\app.reactui.client.esproj", "{B48ED8F2-ACF9-4954-AA41-CC94C1E0E51B}"
EndProject
Global
	GlobalSection(SolutionConfigurationPlatforms) = preSolution
		Debug|Any CPU = Debug|Any CPU
		Release|Any CPU = Release|Any CPU
	EndGlobalSection
	GlobalSection(ProjectConfigurationPlatforms) = postSolution
		{674B5964-9602-4B1A-8543-7EE26B142E2A}.Debug|Any CPU.ActiveCfg = Debug|Any CPU
		{674B5964-9602-4B1A-8543-7EE26B142E2A}.Debug|Any CPU.Build.0 = Debug|Any CPU
		{674B5964-9602-4B1A-8543-7EE26B142E2A}.Release|Any CPU.ActiveCfg = Release|Any CPU
		{674B5964-9602-4B1A-8543-7EE26B142E2A}.Release|Any CPU.Build.0 = Release|Any CPU
		{21AF6EBE-7510-4F8F-B815-FE57A87AC8D9}.Debug|Any CPU.ActiveCfg = Debug|Any CPU
		{21AF6EBE-7510-4F8F-B815-FE57A87AC8D9}.Debug|Any CPU.Build.0 = Debug|Any CPU
		{21AF6EBE-7510-4F8F-B815-FE57A87AC8D9}.Release|Any CPU.ActiveCfg = Release|Any CPU
		{21AF6EBE-7510-4F8F-B815-FE57A87AC8D9}.Release|Any CPU.Build.0 = Release|Any CPU
		{814E5E26-3F07-48C4-81A7-20ED356D9E59}.Debug|Any CPU.ActiveCfg = Debug|Any CPU
		{814E5E26-3F07-48C4-81A7-20ED356D9E59}.Debug|Any CPU.Build.0 = Debug|Any CPU
		{814E5E26-3F07-48C4-81A7-20ED356D9E59}.Release|Any CPU.ActiveCfg = Release|Any CPU
		{814E5E26-3F07-48C4-81A7-20ED356D9E59}.Release|Any CPU.Build.0 = Release|Any CPU
		{7304C2C5-708D-4B37-A714-DE7D10744B5C}.Debug|Any CPU.ActiveCfg = Debug|Any CPU
		{7304C2C5-708D-4B37-A714-DE7D10744B5C}.Debug|Any CPU.Build.0 = Debug|Any CPU
		{7304C2C5-708D-4B37-A714-DE7D10744B5C}.Release|Any CPU.ActiveCfg = Release|Any CPU
		{7304C2C5-708D-4B37-A714-DE7D10744B5C}.Release|Any CPU.Build.0 = Release|Any CPU
		{44F538DA-8E11-47ED-BEF7-84F9751ABAF6}.Debug|Any CPU.ActiveCfg = Debug|Any CPU
		{44F538DA-8E11-47ED-BEF7-84F9751ABAF6}.Debug|Any CPU.Build.0 = Debug|Any CPU
		{44F538DA-8E11-47ED-BEF7-84F9751ABAF6}.Release|Any CPU.ActiveCfg = Release|Any CPU
		{44F538DA-8E11-47ED-BEF7-84F9751ABAF6}.Release|Any CPU.Build.0 = Release|Any CPU
		{B48ED8F2-ACF9-4954-AA41-CC94C1E0E51B}.Debug|Any CPU.ActiveCfg = Debug|Any CPU
		{B48ED8F2-ACF9-4954-AA41-CC94C1E0E51B}.Debug|Any CPU.Build.0 = Debug|Any CPU
		{B48ED8F2-ACF9-4954-AA41-CC94C1E0E51B}.Debug|Any CPU.Deploy.0 = Debug|Any CPU
		{B48ED8F2-ACF9-4954-AA41-CC94C1E0E51B}.Release|Any CPU.ActiveCfg = Release|Any CPU
		{B48ED8F2-ACF9-4954-AA41-CC94C1E0E51B}.Release|Any CPU.Build.0 = Release|Any CPU
		{B48ED8F2-ACF9-4954-AA41-CC94C1E0E51B}.Release|Any CPU.Deploy.0 = Release|Any CPU
	EndGlobalSection
	GlobalSection(SolutionProperties) = preSolution
		HideSolutionNode = FALSE
	EndGlobalSection
EndGlobal
