
Microsoft Visual Studio Solution File, Format Version 12.00
# Visual Studio Version 17
VisualStudioVersion = 17.12.35728.132
MinimumVisualStudioVersion = 10.0.40219.1
Project("{FAE04EC0-301F-11D3-BF4B-00C04F79EFBC}") = "App.Domain", "App.Domain\App.Domain.csproj", "{4B043047-7DF0-4C5E-82E8-310D38286832}"
EndProject
Project("{FAE04EC0-301F-11D3-BF4B-00C04F79EFBC}") = "App.DataAccess", "App.DataAccess\App.DataAccess.csproj", "{A473DA0C-0F42-414D-BD00-977FA022A963}"
EndProject
Project("{FAE04EC0-301F-11D3-BF4B-00C04F79EFBC}") = "App.Business", "App.Business\App.Business.csproj", "{BD631A31-76EA-44D4-BF4B-6853FBC27DFD}"
EndProject
Project("{FAE04EC0-301F-11D3-BF4B-00C04F79EFBC}") = "App.Api", "App.Api\App.Api.csproj", "{DB1C2820-6C2C-4BE8-8EBC-7AB98C9D46CF}"
	ProjectSection(ProjectDependencies) = postProject
		{BD631A31-76EA-44D4-BF4B-6853FBC27DFD} = {BD631A31-76EA-44D4-BF4B-6853FBC27DFD}
	EndProjectSection
EndProject
Project("{54A90642-561A-4BB1-A94E-469ADEE60C69}") = "app.reactui", "App.ReactUi\app.reactui.esproj", "{133A4602-AE1D-464B-9215-A85BF35FC64F}"
EndProject
Project("{54A90642-561A-4BB1-A94E-469ADEE60C69}") = "App.AngularUi", "App.AngularUi\App.AngularUi.esproj", "{9DA2AF24-C07E-4058-9ADC-474B66E7FC3F}"
EndProject
Project("{FAE04EC0-301F-11D3-BF4B-00C04F79EFBC}") = "App.MvcUi", "App.MvcUi\App.MvcUi.csproj", "{D1AA97E3-215A-4AF0-9CC6-F40EB5883D4F}"
EndProject
Global
	GlobalSection(SolutionConfigurationPlatforms) = preSolution
		Debug|Any CPU = Debug|Any CPU
		Release|Any CPU = Release|Any CPU
	EndGlobalSection
	GlobalSection(ProjectConfigurationPlatforms) = postSolution
		{4B043047-7DF0-4C5E-82E8-310D38286832}.Debug|Any CPU.ActiveCfg = Debug|Any CPU
		{4B043047-7DF0-4C5E-82E8-310D38286832}.Debug|Any CPU.Build.0 = Debug|Any CPU
		{4B043047-7DF0-4C5E-82E8-310D38286832}.Release|Any CPU.ActiveCfg = Release|Any CPU
		{4B043047-7DF0-4C5E-82E8-310D38286832}.Release|Any CPU.Build.0 = Release|Any CPU
		{A473DA0C-0F42-414D-BD00-977FA022A963}.Debug|Any CPU.ActiveCfg = Debug|Any CPU
		{A473DA0C-0F42-414D-BD00-977FA022A963}.Debug|Any CPU.Build.0 = Debug|Any CPU
		{A473DA0C-0F42-414D-BD00-977FA022A963}.Release|Any CPU.ActiveCfg = Release|Any CPU
		{A473DA0C-0F42-414D-BD00-977FA022A963}.Release|Any CPU.Build.0 = Release|Any CPU
		{BD631A31-76EA-44D4-BF4B-6853FBC27DFD}.Debug|Any CPU.ActiveCfg = Debug|Any CPU
		{BD631A31-76EA-44D4-BF4B-6853FBC27DFD}.Debug|Any CPU.Build.0 = Debug|Any CPU
		{BD631A31-76EA-44D4-BF4B-6853FBC27DFD}.Release|Any CPU.ActiveCfg = Release|Any CPU
		{BD631A31-76EA-44D4-BF4B-6853FBC27DFD}.Release|Any CPU.Build.0 = Release|Any CPU
		{DB1C2820-6C2C-4BE8-8EBC-7AB98C9D46CF}.Debug|Any CPU.ActiveCfg = Debug|Any CPU
		{DB1C2820-6C2C-4BE8-8EBC-7AB98C9D46CF}.Debug|Any CPU.Build.0 = Debug|Any CPU
		{DB1C2820-6C2C-4BE8-8EBC-7AB98C9D46CF}.Release|Any CPU.ActiveCfg = Release|Any CPU
		{DB1C2820-6C2C-4BE8-8EBC-7AB98C9D46CF}.Release|Any CPU.Build.0 = Release|Any CPU
		{133A4602-AE1D-464B-9215-A85BF35FC64F}.Debug|Any CPU.ActiveCfg = Debug|Any CPU
		{133A4602-AE1D-464B-9215-A85BF35FC64F}.Debug|Any CPU.Build.0 = Debug|Any CPU
		{133A4602-AE1D-464B-9215-A85BF35FC64F}.Debug|Any CPU.Deploy.0 = Debug|Any CPU
		{133A4602-AE1D-464B-9215-A85BF35FC64F}.Release|Any CPU.ActiveCfg = Release|Any CPU
		{133A4602-AE1D-464B-9215-A85BF35FC64F}.Release|Any CPU.Build.0 = Release|Any CPU
		{133A4602-AE1D-464B-9215-A85BF35FC64F}.Release|Any CPU.Deploy.0 = Release|Any CPU
		{9DA2AF24-C07E-4058-9ADC-474B66E7FC3F}.Debug|Any CPU.ActiveCfg = Debug|Any CPU
		{9DA2AF24-C07E-4058-9ADC-474B66E7FC3F}.Debug|Any CPU.Build.0 = Debug|Any CPU
		{9DA2AF24-C07E-4058-9ADC-474B66E7FC3F}.Debug|Any CPU.Deploy.0 = Debug|Any CPU
		{9DA2AF24-C07E-4058-9ADC-474B66E7FC3F}.Release|Any CPU.ActiveCfg = Release|Any CPU
		{9DA2AF24-C07E-4058-9ADC-474B66E7FC3F}.Release|Any CPU.Build.0 = Release|Any CPU
		{9DA2AF24-C07E-4058-9ADC-474B66E7FC3F}.Release|Any CPU.Deploy.0 = Release|Any CPU
		{D1AA97E3-215A-4AF0-9CC6-F40EB5883D4F}.Debug|Any CPU.ActiveCfg = Debug|Any CPU
		{D1AA97E3-215A-4AF0-9CC6-F40EB5883D4F}.Debug|Any CPU.Build.0 = Debug|Any CPU
		{D1AA97E3-215A-4AF0-9CC6-F40EB5883D4F}.Release|Any CPU.ActiveCfg = Release|Any CPU
		{D1AA97E3-215A-4AF0-9CC6-F40EB5883D4F}.Release|Any CPU.Build.0 = Release|Any CPU
	EndGlobalSection
	GlobalSection(SolutionProperties) = preSolution
		HideSolutionNode = FALSE
	EndGlobalSection
EndGlobal
